
Microsoft Visual Studio Solution File, Format Version 11.00
# Visual Studio 2010
Project("{FAE04EC0-301F-11D3-BF4B-00C04F79EFBC}") = "vrnd-course1-starter-project-002", "Assembly-CSharp.csproj", "{27AF8235-12D9-9790-E8AF-9420DE9B81EC}"
EndProject
Project("{FAE04EC0-301F-11D3-BF4B-00C04F79EFBC}") = "vrnd-course1-starter-project-002", "Assembly-CSharp-Editor.csproj", "{3CED4C9F-688C-ABD1-2861-FAB3EC8AE5D2}"
EndProject
Global
	GlobalSection(SolutionConfigurationPlatforms) = preSolution
		Debug|Any CPU = Debug|Any CPU
		Release|Any CPU = Release|Any CPU
	EndGlobalSection
	GlobalSection(ProjectConfigurationPlatforms) = postSolution
		{27AF8235-12D9-9790-E8AF-9420DE9B81EC}.Debug|Any CPU.ActiveCfg = Debug|Any CPU
		{27AF8235-12D9-9790-E8AF-9420DE9B81EC}.Debug|Any CPU.Build.0 = Debug|Any CPU
		{27AF8235-12D9-9790-E8AF-9420DE9B81EC}.Release|Any CPU.ActiveCfg = Release|Any CPU
		{27AF8235-12D9-9790-E8AF-9420DE9B81EC}.Release|Any CPU.Build.0 = Release|Any CPU
		{3CED4C9F-688C-ABD1-2861-FAB3EC8AE5D2}.Debug|Any CPU.ActiveCfg = Debug|Any CPU
		{3CED4C9F-688C-ABD1-2861-FAB3EC8AE5D2}.Debug|Any CPU.Build.0 = Debug|Any CPU
		{3CED4C9F-688C-ABD1-2861-FAB3EC8AE5D2}.Release|Any CPU.ActiveCfg = Release|Any CPU
		{3CED4C9F-688C-ABD1-2861-FAB3EC8AE5D2}.Release|Any CPU.Build.0 = Release|Any CPU
	EndGlobalSection
	GlobalSection(SolutionProperties) = preSolution
		HideSolutionNode = FALSE
	EndGlobalSection
	GlobalSection(MonoDevelopProperties) = preSolution
		StartupItem = Assembly-CSharp.csproj
	EndGlobalSection
EndGlobal
